
Microsoft Visual Studio Solution File, Format Version 12.00
# Visual Studio Version 17
VisualStudioVersion = 17.9.34728.123
MinimumVisualStudioVersion = 10.0.40219.1
Project("{FAE04EC0-301F-11D3-BF4B-00C04F79EFBC}") = "BillSpliter", "BillSpliter\BillSpliter.csproj", "{2AB5DBB3-FF38-4801-8653-C4AEAD57A9F3}"
EndProject
Global
	GlobalSection(SolutionConfigurationPlatforms) = preSolution
		Debug|Any CPU = Debug|Any CPU
		Release|Any CPU = Release|Any CPU
	EndGlobalSection
	GlobalSection(ProjectConfigurationPlatforms) = postSolution
		{2AB5DBB3-FF38-4801-8653-C4AEAD57A9F3}.Debug|Any CPU.ActiveCfg = Debug|Any CPU
		{2AB5DBB3-FF38-4801-8653-C4AEAD57A9F3}.Debug|Any CPU.Build.0 = Debug|Any CPU
		{2AB5DBB3-FF38-4801-8653-C4AEAD57A9F3}.Debug|Any CPU.Deploy.0 = Debug|Any CPU
		{2AB5DBB3-FF38-4801-8653-C4AEAD57A9F3}.Release|Any CPU.ActiveCfg = Release|Any CPU
		{2AB5DBB3-FF38-4801-8653-C4AEAD57A9F3}.Release|Any CPU.Build.0 = Release|Any CPU
		{2AB5DBB3-FF38-4801-8653-C4AEAD57A9F3}.Release|Any CPU.Deploy.0 = Release|Any CPU
	EndGlobalSection
	GlobalSection(SolutionProperties) = preSolution
		HideSolutionNode = FALSE
	EndGlobalSection
	GlobalSection(ExtensibilityGlobals) = postSolution
		SolutionGuid = {E3584526-FB43-4C6A-9484-C0C2EB2F78B9}
	EndGlobalSection
EndGlobal
